Microsoft Visual Studio Solution File, Format Version 11.00
# Visual Studio 2008

Project("{EAB3AE9A-3D28-ADF8-2FFC-D917C97D7195}") = "Masquerade", "Assembly-CSharp.csproj", "{A84DA2EE-B774-3BD8-8F9F-45E366287CAC}"
EndProject
Global
	GlobalSection(SolutionConfigurationPlatforms) = preSolution
		Debug|Any CPU = Debug|Any CPU
		Release|Any CPU = Release|Any CPU
	EndGlobalSection
	GlobalSection(ProjectConfigurationPlatforms) = postSolution
		{A84DA2EE-B774-3BD8-8F9F-45E366287CAC}.Debug|Any CPU.ActiveCfg = Debug|Any CPU
		{A84DA2EE-B774-3BD8-8F9F-45E366287CAC}.Debug|Any CPU.Build.0 = Debug|Any CPU
		{A84DA2EE-B774-3BD8-8F9F-45E366287CAC}.Release|Any CPU.ActiveCfg = Release|Any CPU
		{A84DA2EE-B774-3BD8-8F9F-45E366287CAC}.Release|Any CPU.Build.0 = Release|Any CPU
	EndGlobalSection
	GlobalSection(SolutionProperties) = preSolution
		HideSolutionNode = FALSE
	EndGlobalSection
	GlobalSection(MonoDevelopProperties) = preSolution
		StartupItem = Assembly-CSharp.csproj
	EndGlobalSection
EndGlobal
